{
  "version": "5",
  "specifiers": {
    "npm:openapi-fetch@0.15": "0.15.0"
  },
  "npm": {
    "openapi-fetch@0.15.0": {
      "integrity": "sha512-OjQUdi61WO4HYhr9+byCPMj0+bgste/LtSBEcV6FzDdONTs7x0fWn8/ndoYwzqCsKWIxEZwo4FN/TG1c1rI8IQ==",
      "dependencies": [
        "openapi-typescript-helpers"
      ]
    },
    "openapi-typescript-helpers@0.0.15": {
      "integrity": "sha512-opyTPaunsklCBpTK8JGef6mfPhLSnyy5a0IN9vKtx3+4aExf+KxEqYwIy3hqkedXIB97u357uLMJsOnm3GVjsw=="
    }
  },
  "workspace": {
    "dependencies": [
      "npm:openapi-fetch@0.15"
    ]
  }
}
